
Microsoft Visual Studio Solution File, Format Version 12.00
# Visual Studio Version 17
VisualStudioVersion = 17.1.32210.238
MinimumVisualStudioVersion = 10.0.40219.1
Project("{FAE04EC0-301F-11D3-BF4B-00C04F79EFBC}") = "Day4RWebApiEntityframework", "Day4RWebApiEntityframework.csproj", "{FF9EABF7-E6BE-46E0-B36C-CFD85C30E101}"
EndProject
Global
	GlobalSection(SolutionConfigurationPlatforms) = preSolution
		Debug|Any CPU = Debug|Any CPU
		Release|Any CPU = Release|Any CPU
	EndGlobalSection
	GlobalSection(ProjectConfigurationPlatforms) = postSolution
		{FF9EABF7-E6BE-46E0-B36C-CFD85C30E101}.Debug|Any CPU.ActiveCfg = Debug|Any CPU
		{FF9EABF7-E6BE-46E0-B36C-CFD85C30E101}.Debug|Any CPU.Build.0 = Debug|Any CPU
		{FF9EABF7-E6BE-46E0-B36C-CFD85C30E101}.Release|Any CPU.ActiveCfg = Release|Any CPU
		{FF9EABF7-E6BE-46E0-B36C-CFD85C30E101}.Release|Any CPU.Build.0 = Release|Any CPU
	EndGlobalSection
	GlobalSection(SolutionProperties) = preSolution
		HideSolutionNode = FALSE
	EndGlobalSection
	GlobalSection(ExtensibilityGlobals) = postSolution
		SolutionGuid = {0FCB38B3-05CD-4D73-9959-88B78219CE9C}
	EndGlobalSection
EndGlobal
